<?xml version="1.0" encoding="utf-8"?>
<Project ToolsVersion="4.0" xmlns="http://schemas.microsoft.com/developer/msbuild/2003">
  <ItemGroup>
    <Filter Include="Source Files">
      <UniqueIdentifier>{4FC737F1-C7A5-4376-A066-2A32D752A2FF}</UniqueIdentifier>
      <Extensions>cpp;c;cc;cxx;def;odl;idl;hpj;bat;asm;asmx</Extensions>
    </Filter>
    <Filter Include="Header Files">
      <UniqueIdentifier>{93995380-89BD-4b04-88EB-625FBE52EBFB}</UniqueIdentifier>
      <Extensions>h;hh;hpp;hxx;hm;inl;inc;xsd</Extensions>
    </Filter>
    <Filter Include="Resource Files">
      <UniqueIdentifier>{67DA6AB6-F800-4c08-8B7A-83BB121AAD01}</UniqueIdentifier>
      <Extensions>rc;ico;cur;bmp;dlg;rc2;rct;bin;rgs;gif;jpg;jpeg;jpe;resx;tiff;tif;png;wav</Extensions>
    </Filter>
  </ItemGroup>
  <ItemGroup>
    <ClCompile Include="raytracer\aabb.cpp">
      <Filter>Source Files</Filter>
    </ClCompile>
    <ClCompile Include="raytracer\bvh_node.cpp">
      <Filter>Source Files</Filter>
    </ClCompile>
    <ClCompile Include="raytracer\camera.cpp">
      <Filter>Source Files</Filter>
    </ClCompile>
    <ClCompile Include="raytracer\hitablelist.cpp">
      <Filter>Source Files</Filter>
    </ClCompile>
    <ClCompile Include="raytracer\material.cpp">
      <Filter>Source Files</Filter>
    </ClCompile>
    <ClCompile Include="raytracer\perlin.cpp">
      <Filter>Source Files</Filter>
    </ClCompile>
    <ClCompile Include="raytracer\rand.cpp">
      <Filter>Source Files</Filter>
    </ClCompile>
    <ClCompile Include="raytracer\ray.cpp">
      <Filter>Source Files</Filter>
    </ClCompile>
    <ClCompile Include="raytracer\raytracer.cpp">
      <Filter>Source Files</Filter>
    </ClCompile>
    <ClCompile Include="raytracer\materials\dielectric.cpp">
      <Filter>Source Files</Filter>
    </ClCompile>
    <ClCompile Include="raytracer\materials\lambertian.cpp">
      <Filter>Source Files</Filter>
    </ClCompile>
    <ClCompile Include="raytracer\materials\metal.cpp">
      <Filter>Source Files</Filter>
    </ClCompile>
    <ClCompile Include="raytracer\textures\checker_texture.cpp">
      <Filter>Source Files</Filter>
    </ClCompile>
    <ClCompile Include="raytracer\main.cpp">
      <Filter>Source Files</Filter>
    </ClCompile>
    <ClCompile Include="raytracer\textures\image_texture.cpp">
      <Filter>Source Files</Filter>
    </ClCompile>
    <ClCompile Include="raytracer\stb_image.cpp">
      <Filter>Source Files</Filter>
    </ClCompile>
    <ClCompile Include="raytracer\stb_image_write.cpp">
      <Filter>Source Files</Filter>
    </ClCompile>
    <ClCompile Include="raytracer\shapes\sphere.cpp">
      <Filter>Source Files</Filter>
    </ClCompile>
    <ClCompile Include="raytracer\shapes\movingsphere.cpp">
      <Filter>Source Files</Filter>
    </ClCompile>
    <ClCompile Include="raytracer\shapes\rects\xy_rect.cpp">
      <Filter>Source Files</Filter>
    </ClCompile>
    <ClCompile Include="raytracer\shapes\rects\xz_rect.cpp">
      <Filter>Source Files</Filter>
    </ClCompile>
    <ClCompile Include="raytracer\shapes\rects\yz_rect.cpp">
      <Filter>Source Files</Filter>
    </ClCompile>
    <ClCompile Include="raytracer\flip_normals.cpp">
      <Filter>Source Files</Filter>
    </ClCompile>
    <ClCompile Include="raytracer\shapes\box.cpp">
      <Filter>Source Files</Filter>
    </ClCompile>
    <ClCompile Include="raytracer\transformations\translate.cpp">
      <Filter>Source Files</Filter>
    </ClCompile>
    <ClCompile Include="raytracer\transformations\rotate_y.cpp">
      <Filter>Source Files</Filter>
    </ClCompile>
  </ItemGroup>
  <ItemGroup>
    <ClInclude Include="raytracer\aabb.h">
      <Filter>Header Files</Filter>
    </ClInclude>
    <ClInclude Include="raytracer\bvh_node.h">
      <Filter>Header Files</Filter>
    </ClInclude>
    <ClInclude Include="raytracer\camera.h">
      <Filter>Header Files</Filter>
    </ClInclude>
    <ClInclude Include="raytracer\hitable.h">
      <Filter>Header Files</Filter>
    </ClInclude>
    <ClInclude Include="raytracer\hitablelist.h">
      <Filter>Header Files</Filter>
    </ClInclude>
    <ClInclude Include="raytracer\material.h">
      <Filter>Header Files</Filter>
    </ClInclude>
    <ClInclude Include="raytracer\perlin.h">
      <Filter>Header Files</Filter>
    </ClInclude>
    <ClInclude Include="raytracer\rand.h">
      <Filter>Header Files</Filter>
    </ClInclude>
    <ClInclude Include="raytracer\ray.h">
      <Filter>Header Files</Filter>
    </ClInclude>
    <ClInclude Include="raytracer\raytracer.h">
      <Filter>Header Files</Filter>
    </ClInclude>
    <ClInclude Include="raytracer\texture.h">
      <Filter>Header Files</Filter>
    </ClInclude>
    <ClInclude Include="raytracer\types.h">
      <Filter>Header Files</Filter>
    </ClInclude>
    <ClInclude Include="raytracer\materials\dielectric.h">
      <Filter>Header Files</Filter>
    </ClInclude>
    <ClInclude Include="raytracer\materials\lambertian.h">
      <Filter>Header Files</Filter>
    </ClInclude>
    <ClInclude Include="raytracer\materials\metal.h">
      <Filter>Header Files</Filter>
    </ClInclude>
    <ClInclude Include="raytracer\textures\checker_texture.h">
      <Filter>Header Files</Filter>
    </ClInclude>
    <ClInclude Include="raytracer\textures\constant_texture.h">
      <Filter>Header Files</Filter>
    </ClInclude>
    <ClInclude Include="raytracer\textures\noise_texture.h">
      <Filter>Header Files</Filter>
    </ClInclude>
    <ClInclude Include="raytracer\textures\image_texture.h">
      <Filter>Header Files</Filter>
    </ClInclude>
    <ClInclude Include="raytracer\materials\diffuse_light.h">
      <Filter>Header Files</Filter>
    </ClInclude>
    <ClInclude Include="raytracer\shapes\sphere.h">
      <Filter>Header Files</Filter>
    </ClInclude>
    <ClInclude Include="raytracer\shapes\movingsphere.h">
      <Filter>Header Files</Filter>
    </ClInclude>
    <ClInclude Include="raytracer\shapes\rects\xy_rect.h">
      <Filter>Header Files</Filter>
    </ClInclude>
    <ClInclude Include="raytracer\shapes\rects\xz_rect.h">
      <Filter>Header Files</Filter>
    </ClInclude>
    <ClInclude Include="raytracer\shapes\rects\yz_rect.h">
      <Filter>Header Files</Filter>
    </ClInclude>
    <ClInclude Include="raytracer\flip_normals.h">
      <Filter>Header Files</Filter>
    </ClInclude>
    <ClInclude Include="raytracer\shapes\box.h">
      <Filter>Header Files</Filter>
    </ClInclude>
    <ClInclude Include="raytracer\transformations\translate.h">
      <Filter>Header Files</Filter>
    </ClInclude>
    <ClInclude Include="raytracer\transformations\rotate_y.h">
      <Filter>Header Files</Filter>
    </ClInclude>
  </ItemGroup>
  <ItemGroup>
    <None Include="targets\CopyDLLs.targets" />
  </ItemGroup>
</Project>